
Microsoft Visual Studio Solution File, Format Version 12.00
# Visual Studio Version 16
VisualStudioVersion = 16.0.29709.97
MinimumVisualStudioVersion = 10.0.40219.1
Project("{FAE04EC0-301F-11D3-BF4B-00C04F79EFBC}") = "Marlin-Desafio-Backend-Junior", "Marlin-Desafio-Backend-Junior.csproj", "{BAD80C54-B986-4FDB-9C0C-33843DE076A7}"
EndProject
Global
	GlobalSection(SolutionConfigurationPlatforms) = preSolution
		Debug|Any CPU = Debug|Any CPU
		Release|Any CPU = Release|Any CPU
	EndGlobalSection
	GlobalSection(ProjectConfigurationPlatforms) = postSolution
		{BAD80C54-B986-4FDB-9C0C-33843DE076A7}.Debug|Any CPU.ActiveCfg = Debug|Any CPU
		{BAD80C54-B986-4FDB-9C0C-33843DE076A7}.Debug|Any CPU.Build.0 = Debug|Any CPU
		{BAD80C54-B986-4FDB-9C0C-33843DE076A7}.Release|Any CPU.ActiveCfg = Release|Any CPU
		{BAD80C54-B986-4FDB-9C0C-33843DE076A7}.Release|Any CPU.Build.0 = Release|Any CPU
	EndGlobalSection
	GlobalSection(SolutionProperties) = preSolution
		HideSolutionNode = FALSE
	EndGlobalSection
	GlobalSection(ExtensibilityGlobals) = postSolution
		SolutionGuid = {737A6F8A-3C3F-4A03-88C1-8D90801A2FDE}
	EndGlobalSection
EndGlobal
